dependencies:
  idf:
    source:
      type: idf
    version: 5.5.0
  lvgl/lvgl:
    dependencies: []
    source:
      path: D:\ESP32\ESP32S3_LCD 7B_DEMO_3\ESP32-S3-Touch-LCD-7B-Demo\ESP32-S3-Touch-LCD-7B-Demo\ESP-IDF\16_LVGL_UI\components\lvgl_port\lvgl__lvgl
      type: local
    version: 8.4.0
direct_dependencies:
- idf
- lvgl/lvgl
manifest_hash: 117ced8322af7760089da23fb3c5192e275d0a212b0938d31ecb057b653a5cef
target: esp32s3
version: 2.0.0
